
Microsoft Visual Studio Solution File, Format Version 12.00
# Visual Studio Version 16
VisualStudioVersion = 16.0.30225.117
MinimumVisualStudioVersion = 10.0.40219.1
Project("{FAE04EC0-301F-11D3-BF4B-00C04F79EFBC}") = "WindowsFormsApp116", "WindowsFormsApp116\WindowsFormsApp116.csproj", "{A8071285-9D00-44E8-A70B-9CB551587DBD}"
EndProject
Global
	GlobalSection(SolutionConfigurationPlatforms) = preSolution
		Debug|Any CPU = Debug|Any CPU
		Release|Any CPU = Release|Any CPU
	EndGlobalSection
	GlobalSection(ProjectConfigurationPlatforms) = postSolution
		{A8071285-9D00-44E8-A70B-9CB551587DBD}.Debug|Any CPU.ActiveCfg = Debug|Any CPU
		{A8071285-9D00-44E8-A70B-9CB551587DBD}.Debug|Any CPU.Build.0 = Debug|Any CPU
		{A8071285-9D00-44E8-A70B-9CB551587DBD}.Release|Any CPU.ActiveCfg = Release|Any CPU
		{A8071285-9D00-44E8-A70B-9CB551587DBD}.Release|Any CPU.Build.0 = Release|Any CPU
	EndGlobalSection
	GlobalSection(SolutionProperties) = preSolution
		HideSolutionNode = FALSE
	EndGlobalSection
	GlobalSection(ExtensibilityGlobals) = postSolution
		SolutionGuid = {FEFC6DD7-8794-499B-A9C6-3927DABFCD12}
	EndGlobalSection
EndGlobal
